PODS:
  - Bolts (1.1.2)
  - Facebook-iOS-SDK (3.17.0):
    - Bolts
  - FlurrySDK (5.2.0):
    - FlurrySDK/FlurrySDK (= 5.2.0)
  - FlurrySDK/FlurrySDK (5.2.0)
  - Parse (1.2.20):
    - Facebook-iOS-SDK (~> 3.11)
  - SVProgressHUD (HEAD based on 1.1.3)

DEPENDENCIES:
  - FlurrySDK
  - Parse
  - SVProgressHUD (HEAD)

SPEC CHECKSUMS:
  Bolts: c3d6ab263e41ee59dae21881c021dc90b12434ff
  Facebook-iOS-SDK: edfd75144dd28ab1e1f62af1f061c74857128040
  FlurrySDK: d9360016013b73d01bb59ae6600f0ba3517bcdbe
  Parse: 512f0d7dd2e5ffe66abb019a96380aa753cf9d5a
  SVProgressHUD: 748080e4f36e603f6c02aec292664239df5279c1

COCOAPODS: 0.38.2
